<?xml version="1.0"?>
<CONFIG>
  <ProjectOptions>
    <Version Value="9"/>
    <General>
      <Flags>
        <MainUnitHasCreateFormStatements Value="False"/>
      </Flags>
      <MainUnit Value="0"/>
      <Title Value="i2cdevtest"/>
      <ResourceType Value="res"/>
      <UseXPManifest Value="True"/>
      <Icon Value="0"/>
      <ActiveWindowIndexAtStart Value="0"/>
    </General>
    <i18n>
      <EnableI18N LFM="False"/>
    </i18n>
    <VersionInfo>
      <StringTable ProductVersion=""/>
    </VersionInfo>
    <BuildModes Count="1" Active="Default">
      <Item1 Name="Default" Default="True"/>
    </BuildModes>
    <PublishOptions>
      <Version Value="2"/>
      <IncludeFileFilter Value="*.(pas|pp|inc|lfm|lpr|lrs|lpi|lpk|sh|xml)"/>
      <ExcludeFileFilter Value="*.(bak|ppu|o|so);*~;backup"/>
    </PublishOptions>
    <RunParams>
      <local>
        <FormatVersion Value="1"/>
        <LaunchingApplication PathPlusParams="/usr/bin/lxterminal"/>
      </local>
    </RunParams>
    <Units Count="13">
      <Unit0>
        <Filename Value="i2cdevtest.pas"/>
        <IsPartOfProject Value="True"/>
        <UnitName Value="i2cdevtest"/>
        <IsVisibleTab Value="True"/>
        <EditorIndex Value="0"/>
        <WindowIndex Value="0"/>
        <TopLine Value="39"/>
        <CursorPos X="6" Y="72"/>
        <UsageCount Value="103"/>
        <Loaded Value="True"/>
      </Unit0>
      <Unit1>
        <Filename Value="i2cdev_base.pas"/>
        <IsPartOfProject Value="True"/>
        <UnitName Value="i2cdev_base"/>
        <EditorIndex Value="1"/>
        <WindowIndex Value="0"/>
        <TopLine Value="75"/>
        <CursorPos X="1" Y="108"/>
        <UsageCount Value="103"/>
        <Loaded Value="True"/>
      </Unit1>
      <Unit2>
        <Filename Value="i2cdev_ads1015.pas"/>
        <IsPartOfProject Value="True"/>
        <UnitName Value="i2cdev_ADS1015"/>
        <EditorIndex Value="2"/>
        <WindowIndex Value="0"/>
        <TopLine Value="220"/>
        <CursorPos X="50" Y="260"/>
        <UsageCount Value="103"/>
        <Loaded Value="True"/>
      </Unit2>
      <Unit3>
        <Filename Value="/usr/share/fpcsrc/2.6.0/rtl/unix/baseunix.pp"/>
        <UnitName Value="BaseUnix"/>
        <WindowIndex Value="0"/>
        <TopLine Value="1"/>
        <CursorPos X="22" Y="45"/>
        <UsageCount Value="3"/>
      </Unit3>
      <Unit4>
        <Filename Value="/usr/share/fpcsrc/2.6.0/rtl/unix/aliasctp.inc"/>
        <WindowIndex Value="0"/>
        <TopLine Value="1"/>
        <CursorPos X="3" Y="33"/>
        <UsageCount Value="3"/>
      </Unit4>
      <Unit5>
        <Filename Value="i2cdev_ADS1015.pas"/>
        <UnitName Value="i2cdev_ADS1015"/>
        <WindowIndex Value="0"/>
        <TopLine Value="1"/>
        <CursorPos X="1" Y="1"/>
        <UsageCount Value="3"/>
      </Unit5>
      <Unit6>
        <Filename Value="i2cdev_mcp4725.pas"/>
        <IsPartOfProject Value="True"/>
        <UnitName Value="i2cdev_MCP4725"/>
        <EditorIndex Value="4"/>
        <WindowIndex Value="0"/>
        <TopLine Value="71"/>
        <CursorPos X="1" Y="120"/>
        <UsageCount Value="103"/>
        <Loaded Value="True"/>
      </Unit6>
      <Unit7>
        <Filename Value="/usr/share/fpcsrc/2.6.0/rtl/inc/objpash.inc"/>
        <WindowIndex Value="0"/>
        <TopLine Value="163"/>
        <CursorPos X="23" Y="192"/>
        <UsageCount Value="8"/>
      </Unit7>
      <Unit8>
        <Filename Value="i2cdev_pca9685.pas"/>
        <IsPartOfProject Value="True"/>
        <UnitName Value="i2cdev_PCA9685"/>
        <EditorIndex Value="3"/>
        <WindowIndex Value="0"/>
        <TopLine Value="326"/>
        <CursorPos X="18" Y="379"/>
        <UsageCount Value="91"/>
        <Bookmarks Count="1">
          <Item0 X="1" Y="1" ID="5"/>
        </Bookmarks>
        <Loaded Value="True"/>
      </Unit8>
      <Unit9>
        <Filename Value="/usr/share/fpcsrc/2.6.0/rtl/objpas/math.pp"/>
        <UnitName Value="math"/>
        <WindowIndex Value="0"/>
        <TopLine Value="117"/>
        <CursorPos X="58" Y="147"/>
        <UsageCount Value="4"/>
      </Unit9>
      <Unit10>
        <Filename Value="/usr/share/fpcsrc/2.6.0/packages/fcl-base/src/contnrs.pp"/>
        <UnitName Value="contnrs"/>
        <WindowIndex Value="0"/>
        <TopLine Value="940"/>
        <CursorPos X="22" Y="1021"/>
        <UsageCount Value="6"/>
      </Unit10>
      <Unit11>
        <Filename Value="i2cdev_mcp23017.pas"/>
        <IsPartOfProject Value="True"/>
        <UnitName Value="i2cdev_mcp23017"/>
        <EditorIndex Value="5"/>
        <WindowIndex Value="0"/>
        <TopLine Value="11"/>
        <CursorPos X="63" Y="52"/>
        <UsageCount Value="62"/>
        <Loaded Value="True"/>
      </Unit11>
      <Unit12>
        <Filename Value="i2cdev_lcd.pas"/>
        <IsPartOfProject Value="True"/>
        <UnitName Value="i2cdev_lcd"/>
        <EditorIndex Value="6"/>
        <WindowIndex Value="0"/>
        <TopLine Value="396"/>
        <CursorPos X="1" Y="428"/>
        <UsageCount Value="62"/>
        <Loaded Value="True"/>
      </Unit12>
    </Units>
    <JumpHistory Count="30" HistoryIndex="29">
      <Position1>
        <Filename Value="i2cdev_lcd.pas"/>
        <Caret Line="269" Column="1" TopLine="229"/>
      </Position1>
      <Position2>
        <Filename Value="i2cdev_lcd.pas"/>
        <Caret Line="432" Column="1" TopLine="392"/>
      </Position2>
      <Position3>
        <Filename Value="i2cdev_lcd.pas"/>
        <Caret Line="268" Column="54" TopLine="229"/>
      </Position3>
      <Position4>
        <Filename Value="i2cdevtest.pas"/>
        <Caret Line="50" Column="1" TopLine="39"/>
      </Position4>
      <Position5>
        <Filename Value="i2cdev_lcd.pas"/>
        <Caret Line="266" Column="1" TopLine="229"/>
      </Position5>
      <Position6>
        <Filename Value="i2cdev_lcd.pas"/>
        <Caret Line="267" Column="1" TopLine="229"/>
      </Position6>
      <Position7>
        <Filename Value="i2cdev_lcd.pas"/>
        <Caret Line="269" Column="1" TopLine="229"/>
      </Position7>
      <Position8>
        <Filename Value="i2cdev_lcd.pas"/>
        <Caret Line="270" Column="1" TopLine="229"/>
      </Position8>
      <Position9>
        <Filename Value="i2cdev_lcd.pas"/>
        <Caret Line="433" Column="1" TopLine="393"/>
      </Position9>
      <Position10>
        <Filename Value="i2cdev_lcd.pas"/>
        <Caret Line="266" Column="1" TopLine="226"/>
      </Position10>
      <Position11>
        <Filename Value="i2cdev_lcd.pas"/>
        <Caret Line="437" Column="1" TopLine="397"/>
      </Position11>
      <Position12>
        <Filename Value="i2cdev_lcd.pas"/>
        <Caret Line="421" Column="38" TopLine="397"/>
      </Position12>
      <Position13>
        <Filename Value="i2cdev_lcd.pas"/>
        <Caret Line="452" Column="1" TopLine="397"/>
      </Position13>
      <Position14>
        <Filename Value="i2cdevtest.pas"/>
        <Caret Line="50" Column="1" TopLine="39"/>
      </Position14>
      <Position15>
        <Filename Value="i2cdev_lcd.pas"/>
        <Caret Line="452" Column="1" TopLine="397"/>
      </Position15>
      <Position16>
        <Filename Value="i2cdev_lcd.pas"/>
        <Caret Line="417" Column="1" TopLine="397"/>
      </Position16>
      <Position17>
        <Filename Value="i2cdev_lcd.pas"/>
        <Caret Line="418" Column="1" TopLine="397"/>
      </Position17>
      <Position18>
        <Filename Value="i2cdev_lcd.pas"/>
        <Caret Line="419" Column="1" TopLine="397"/>
      </Position18>
      <Position19>
        <Filename Value="i2cdev_lcd.pas"/>
        <Caret Line="420" Column="1" TopLine="397"/>
      </Position19>
      <Position20>
        <Filename Value="i2cdev_lcd.pas"/>
        <Caret Line="436" Column="1" TopLine="397"/>
      </Position20>
      <Position21>
        <Filename Value="i2cdev_lcd.pas"/>
        <Caret Line="209" Column="1" TopLine="169"/>
      </Position21>
      <Position22>
        <Filename Value="i2cdev_lcd.pas"/>
        <Caret Line="417" Column="1" TopLine="377"/>
      </Position22>
      <Position23>
        <Filename Value="i2cdevtest.pas"/>
        <Caret Line="73" Column="21" TopLine="39"/>
      </Position23>
      <Position24>
        <Filename Value="i2cdevtest.pas"/>
        <Caret Line="50" Column="1" TopLine="39"/>
      </Position24>
      <Position25>
        <Filename Value="i2cdev_lcd.pas"/>
        <Caret Line="443" Column="26" TopLine="396"/>
      </Position25>
      <Position26>
        <Filename Value="i2cdevtest.pas"/>
        <Caret Line="50" Column="1" TopLine="39"/>
      </Position26>
      <Position27>
        <Filename Value="i2cdevtest.pas"/>
        <Caret Line="49" Column="32" TopLine="39"/>
      </Position27>
      <Position28>
        <Filename Value="i2cdevtest.pas"/>
        <Caret Line="50" Column="1" TopLine="39"/>
      </Position28>
      <Position29>
        <Filename Value="i2cdev_lcd.pas"/>
        <Caret Line="428" Column="1" TopLine="396"/>
      </Position29>
      <Position30>
        <Filename Value="i2cdevtest.pas"/>
        <Caret Line="71" Column="5" TopLine="39"/>
      </Position30>
    </JumpHistory>
  </ProjectOptions>
  <CompilerOptions>
    <Version Value="9"/>
    <Target>
      <Filename Value="i2cdevtest"/>
    </Target>
    <SearchPaths>
      <IncludeFiles Value="$(ProjOutDir)"/>
      <UnitOutputDirectory Value="lib/$(TargetCPU)-$(TargetOS)"/>
    </SearchPaths>
    <Other>
      <CompilerPath Value="$(CompPath)"/>
    </Other>
  </CompilerOptions>
  <Debugging>
    <BreakPoints Count="1">
      <Item1>
        <Source Value="i2cdev_lcd.pas"/>
        <Line Value="428"/>
      </Item1>
    </BreakPoints>
    <Exceptions Count="3">
      <Item1>
        <Name Value="EAbort"/>
      </Item1>
      <Item2>
        <Name Value="ECodetoolError"/>
      </Item2>
      <Item3>
        <Name Value="EFOpenError"/>
      </Item3>
    </Exceptions>
  </Debugging>
</CONFIG>
